
Microsoft Visual Studio Solution File, Format Version 12.00
# Visual Studio Version 17
VisualStudioVersion = 17.5.33414.496
MinimumVisualStudioVersion = 10.0.40219.1
Project("{FAE04EC0-301F-11D3-BF4B-00C04F79EFBC}") = "TestNav", "TestNav.csproj", "{1513B4D7-3AB7-4A9C-8886-1EC68C7859AA}"
EndProject
Project("{2150E333-8FDC-42A3-9474-1A3956D46DE8}") = "Solution Items", "Solution Items", "{FCAC64E7-3BDE-4B24-96FF-F51FA39B5E98}"
EndProject
Global
	GlobalSection(SolutionConfigurationPlatforms) = preSolution
		Debug|Any CPU = Debug|Any CPU
		Release|Any CPU = Release|Any CPU
	EndGlobalSection
	GlobalSection(ProjectConfigurationPlatforms) = postSolution
		{1513B4D7-3AB7-4A9C-8886-1EC68C7859AA}.Debug|Any CPU.ActiveCfg = Debug|Any CPU
		{1513B4D7-3AB7-4A9C-8886-1EC68C7859AA}.Debug|Any CPU.Build.0 = Debug|Any CPU
		{1513B4D7-3AB7-4A9C-8886-1EC68C7859AA}.Release|Any CPU.ActiveCfg = Release|Any CPU
		{1513B4D7-3AB7-4A9C-8886-1EC68C7859AA}.Release|Any CPU.Build.0 = Release|Any CPU
	EndGlobalSection
	GlobalSection(SolutionProperties) = preSolution
		HideSolutionNode = FALSE
	EndGlobalSection
	GlobalSection(ExtensibilityGlobals) = postSolution
		SolutionGuid = {B8506CB3-CFD6-41B2-8772-243ED7D87BC6}
	EndGlobalSection
EndGlobal
